schema_version: 1
install_root: .deps
dependencies:
  graspnet_baseline:
    url: https://github.com/graspnet/graspnet-baseline.git
    revision: 280c215129f759ed8649cb4e89fc5dfee55f4f80
    destination: graspnet-baseline
    optional_patch: patches/graspnet_windows_int64.patch
  graspnet_api:
    url: https://github.com/graspnet/graspnetAPI.git
    revision: eb57dd2092d8dbe05312a29c3d0c22f3226efbfc
    destination: graspnetAPI
notes:
  - Third-party source is deliberately excluded from the TCD-PRG repository.
